// !$*UTF8*$!
{
	archiveVersion = 1;
	classes = {
	};
	objectVersion = 50;
	objects = {

/* Begin PBXBuildFile section */
		9534591A230FBF6C00767E14 /* KVOCrashObject.m in Sources */ = {isa = PBXBuildFile; fileRef = 95345919230FBF6C00767E14 /* KVOCrashObject.m */; };
		9534592D231677CB00767E14 /* KVCCrashObject.m in Sources */ = {isa = PBXBuildFile; fileRef = 9534592C231677CB00767E14 /* KVCCrashObject.m */; };
		9534594D231DF76900767E14 /* NotificationReceiver.m in Sources */ = {isa = PBXBuildFile; fileRef = 9534594C231DF76900767E14 /* NotificationReceiver.m */; };
		95345964231F52B700767E14 /* TestUnrecognizedSelVC.m in Sources */ = {isa = PBXBuildFile; fileRef = 95345963231F52B700767E14 /* TestUnrecognizedSelVC.m */; };
		95345967231F52D000767E14 /* TestKVOCrashVC.m in Sources */ = {isa = PBXBuildFile; fileRef = 95345966231F52D000767E14 /* TestKVOCrashVC.m */; };
		9534596A231F52E900767E14 /* TestKVCCrashVC.m in Sources */ = {isa = PBXBuildFile; fileRef = 95345969231F52E900767E14 /* TestKVCCrashVC.m */; };
		9534596D231F530100767E14 /* TestNotificationCrashVC.m in Sources */ = {isa = PBXBuildFile; fileRef = 9534596C231F530100767E14 /* TestNotificationCrashVC.m */; };
		95345970231F531E00767E14 /* TestTimerCrashVC.m in Sources */ = {isa = PBXBuildFile; fileRef = 9534596F231F531E00767E14 /* TestTimerCrashVC.m */; };
		95345973231F533200767E14 /* TestContainersVC.m in Sources */ = {isa = PBXBuildFile; fileRef = 95345972231F533200767E14 /* TestContainersVC.m */; };
		95345976231F534400767E14 /* TestNullVC.m in Sources */ = {isa = PBXBuildFile; fileRef = 95345975231F534400767E14 /* TestNullVC.m */; };
		95345979231F57EE00767E14 /* BaseViewController.m in Sources */ = {isa = PBXBuildFile; fileRef = 95345978231F57EE00767E14 /* BaseViewController.m */; };
		95345984231F619A00767E14 /* SelectorObject.m in Sources */ = {isa = PBXBuildFile; fileRef = 95345983231F619A00767E14 /* SelectorObject.m */; };
		9534598D231F791B00767E14 /* NSObject+SelectorDefender.m in Sources */ = {isa = PBXBuildFile; fileRef = 95345986231F791B00767E14 /* NSObject+SelectorDefender.m */; };
		9534598E231F791B00767E14 /* NSObject+KVCDefender.m in Sources */ = {isa = PBXBuildFile; fileRef = 95345987231F791B00767E14 /* NSObject+KVCDefender.m */; };
		9534598F231F791B00767E14 /* NSObject+KVODefender.m in Sources */ = {isa = PBXBuildFile; fileRef = 95345988231F791B00767E14 /* NSObject+KVODefender.m */; };
		95345990231F791B00767E14 /* NSObject+MethodSwizzling.m in Sources */ = {isa = PBXBuildFile; fileRef = 9534598A231F791B00767E14 /* NSObject+MethodSwizzling.m */; };
		953F56E223055D1A00710599 /* AppDelegate.m in Sources */ = {isa = PBXBuildFile; fileRef = 953F56E123055D1A00710599 /* AppDelegate.m */; };
		953F56E523055D1A00710599 /* ViewController.m in Sources */ = {isa = PBXBuildFile; fileRef = 953F56E423055D1A00710599 /* ViewController.m */; };
		953F56E823055D1A00710599 /* Main.storyboard in Resources */ = {isa = PBXBuildFile; fileRef = 953F56E623055D1A00710599 /* Main.storyboard */; };
		953F56EA23055D1B00710599 /* Assets.xcassets in Resources */ = {isa = PBXBuildFile; fileRef = 953F56E923055D1B00710599 /* Assets.xcassets */; };
		953F56ED23055D1B00710599 /* LaunchScreen.storyboard in Resources */ = {isa = PBXBuildFile; fileRef = 953F56EB23055D1B00710599 /* LaunchScreen.storyboard */; };
		953F56F023055D1B00710599 /* main.m in Sources */ = {isa = PBXBuildFile; fileRef = 953F56EF23055D1B00710599 /* main.m */; };
/* End PBXBuildFile section */

/* Begin PBXFileReference section */
		95345918230FBF6C00767E14 /* KVOCrashObject.h */ = {isa = PBXFileReference; lastKnownFileType = sourcecode.c.h; path = KVOCrashObject.h; sourceTree = "<group>"; };
		95345919230FBF6C00767E14 /* KVOCrashObject.m */ = {isa = PBXFileReference; lastKnownFileType = sourcecode.c.objc; path = KVOCrashObject.m; sourceTree = "<group>"; };
		9534592B231677CB00767E14 /* KVCCrashObject.h */ = {isa = PBXFileReference; lastKnownFileType = sourcecode.c.h; path = KVCCrashObject.h; sourceTree = "<group>"; };
		9534592C231677CB00767E14 /* KVCCrashObject.m */ = {isa = PBXFileReference; lastKnownFileType = sourcecode.c.objc; path = KVCCrashObject.m; sourceTree = "<group>"; };
		9534594B231DF76900767E14 /* NotificationReceiver.h */ = {isa = PBXFileReference; lastKnownFileType = sourcecode.c.h; path = NotificationReceiver.h; sourceTree = "<group>"; };
		9534594C231DF76900767E14 /* NotificationReceiver.m */ = {isa = PBXFileReference; lastKnownFileType = sourcecode.c.objc; path = NotificationReceiver.m; sourceTree = "<group>"; };
		95345962231F52B700767E14 /* TestUnrecognizedSelVC.h */ = {isa = PBXFileReference; lastKnownFileType = sourcecode.c.h; path = TestUnrecognizedSelVC.h; sourceTree = "<group>"; };
		95345963231F52B700767E14 /* TestUnrecognizedSelVC.m */ = {isa = PBXFileReference; lastKnownFileType = sourcecode.c.objc; path = TestUnrecognizedSelVC.m; sourceTree = "<group>"; };
		95345965231F52D000767E14 /* TestKVOCrashVC.h */ = {isa = PBXFileReference; lastKnownFileType = sourcecode.c.h; path = TestKVOCrashVC.h; sourceTree = "<group>"; };
		95345966231F52D000767E14 /* TestKVOCrashVC.m */ = {isa = PBXFileReference; lastKnownFileType = sourcecode.c.objc; path = TestKVOCrashVC.m; sourceTree = "<group>"; };
		95345968231F52E900767E14 /* TestKVCCrashVC.h */ = {isa = PBXFileReference; lastKnownFileType = sourcecode.c.h; path = TestKVCCrashVC.h; sourceTree = "<group>"; };
		95345969231F52E900767E14 /* TestKVCCrashVC.m */ = {isa = PBXFileReference; lastKnownFileType = sourcecode.c.objc; path = TestKVCCrashVC.m; sourceTree = "<group>"; };
		9534596B231F530100767E14 /* TestNotificationCrashVC.h */ = {isa = PBXFileReference; lastKnownFileType = sourcecode.c.h; path = TestNotificationCrashVC.h; sourceTree = "<group>"; };
		9534596C231F530100767E14 /* TestNotificationCrashVC.m */ = {isa = PBXFileReference; lastKnownFileType = sourcecode.c.objc; path = TestNotificationCrashVC.m; sourceTree = "<group>"; };
		9534596E231F531E00767E14 /* TestTimerCrashVC.h */ = {isa = PBXFileReference; lastKnownFileType = sourcecode.c.h; path = TestTimerCrashVC.h; sourceTree = "<group>"; };
		9534596F231F531E00767E14 /* TestTimerCrashVC.m */ = {isa = PBXFileReference; lastKnownFileType = sourcecode.c.objc; path = TestTimerCrashVC.m; sourceTree = "<group>"; };
		95345971231F533200767E14 /* TestContainersVC.h */ = {isa = PBXFileReference; lastKnownFileType = sourcecode.c.h; path = TestContainersVC.h; sourceTree = "<group>"; };
		95345972231F533200767E14 /* TestContainersVC.m */ = {isa = PBXFileReference; lastKnownFileType = sourcecode.c.objc; path = TestContainersVC.m; sourceTree = "<group>"; };
		95345974231F534400767E14 /* TestNullVC.h */ = {isa = PBXFileReference; lastKnownFileType = sourcecode.c.h; path = TestNullVC.h; sourceTree = "<group>"; };
		95345975231F534400767E14 /* TestNullVC.m */ = {isa = PBXFileReference; lastKnownFileType = sourcecode.c.objc; path = TestNullVC.m; sourceTree = "<group>"; };
		95345977231F57EE00767E14 /* BaseViewController.h */ = {isa = PBXFileReference; lastKnownFileType = sourcecode.c.h; path = BaseViewController.h; sourceTree = "<group>"; };
		95345978231F57EE00767E14 /* BaseViewController.m */ = {isa = PBXFileReference; lastKnownFileType = sourcecode.c.objc; path = BaseViewController.m; sourceTree = "<group>"; };
		9534597E231F5C2700767E14 /* BaseDefine.h */ = {isa = PBXFileReference; lastKnownFileType = sourcecode.c.h; path = BaseDefine.h; sourceTree = "<group>"; };
		95345982231F619A00767E14 /* SelectorObject.h */ = {isa = PBXFileReference; lastKnownFileType = sourcecode.c.h; path = SelectorObject.h; sourceTree = "<group>"; };
		95345983231F619A00767E14 /* SelectorObject.m */ = {isa = PBXFileReference; lastKnownFileType = sourcecode.c.objc; path = SelectorObject.m; sourceTree = "<group>"; };
		95345985231F791B00767E14 /* NSObject+SelectorDefender.h */ = {isa = PBXFileReference; fileEncoding = 4; lastKnownFileType = sourcecode.c.h; path = "NSObject+SelectorDefender.h"; sourceTree = "<group>"; };
		95345986231F791B00767E14 /* NSObject+SelectorDefender.m */ = {isa = PBXFileReference; fileEncoding = 4; lastKnownFileType = sourcecode.c.objc; path = "NSObject+SelectorDefender.m"; sourceTree = "<group>"; };
		95345987231F791B00767E14 /* NSObject+KVCDefender.m */ = {isa = PBXFileReference; fileEncoding = 4; lastKnownFileType = sourcecode.c.objc; path = "NSObject+KVCDefender.m"; sourceTree = "<group>"; };
		95345988231F791B00767E14 /* NSObject+KVODefender.m */ = {isa = PBXFileReference; fileEncoding = 4; lastKnownFileType = sourcecode.c.objc; path = "NSObject+KVODefender.m"; sourceTree = "<group>"; };
		95345989231F791B00767E14 /* NSObject+KVCDefender.h */ = {isa = PBXFileReference; fileEncoding = 4; lastKnownFileType = sourcecode.c.h; path = "NSObject+KVCDefender.h"; sourceTree = "<group>"; };
		9534598A231F791B00767E14 /* NSObject+MethodSwizzling.m */ = {isa = PBXFileReference; fileEncoding = 4; lastKnownFileType = sourcecode.c.objc; path = "NSObject+MethodSwizzling.m"; sourceTree = "<group>"; };
		9534598B231F791B00767E14 /* NSObject+MethodSwizzling.h */ = {isa = PBXFileReference; fileEncoding = 4; lastKnownFileType = sourcecode.c.h; path = "NSObject+MethodSwizzling.h"; sourceTree = "<group>"; };
		9534598C231F791B00767E14 /* NSObject+KVODefender.h */ = {isa = PBXFileReference; fileEncoding = 4; lastKnownFileType = sourcecode.c.h; path = "NSObject+KVODefender.h"; sourceTree = "<group>"; };
		953F56DD23055D1A00710599 /* YSC-Avoid-Crash.app */ = {isa = PBXFileReference; explicitFileType = wrapper.application; includeInIndex = 0; path = "YSC-Avoid-Crash.app"; sourceTree = BUILT_PRODUCTS_DIR; };
		953F56E023055D1A00710599 /* AppDelegate.h */ = {isa = PBXFileReference; lastKnownFileType = sourcecode.c.h; path = AppDelegate.h; sourceTree = "<group>"; };
		953F56E123055D1A00710599 /* AppDelegate.m */ = {isa = PBXFileReference; lastKnownFileType = sourcecode.c.objc; path = AppDelegate.m; sourceTree = "<group>"; };
		953F56E323055D1A00710599 /* ViewController.h */ = {isa = PBXFileReference; lastKnownFileType = sourcecode.c.h; path = ViewController.h; sourceTree = "<group>"; };
		953F56E423055D1A00710599 /* ViewController.m */ = {isa = PBXFileReference; lastKnownFileType = sourcecode.c.objc; path = ViewController.m; sourceTree = "<group>"; };
		953F56E723055D1A00710599 /* Base */ = {isa = PBXFileReference; lastKnownFileType = file.storyboard; name = Base; path = Base.lproj/Main.storyboard; sourceTree = "<group>"; };
		953F56E923055D1B00710599 /* Assets.xcassets */ = {isa = PBXFileReference; lastKnownFileType = folder.assetcatalog; path = Assets.xcassets; sourceTree = "<group>"; };
		953F56EC23055D1B00710599 /* Base */ = {isa = PBXFileReference; lastKnownFileType = file.storyboard; name = Base; path = Base.lproj/LaunchScreen.storyboard; sourceTree = "<group>"; };
		953F56EE23055D1B00710599 /* Info.plist */ = {isa = PBXFileReference; lastKnownFileType = text.plist.xml; path = Info.plist; sourceTree = "<group>"; };
		953F56EF23055D1B00710599 /* main.m */ = {isa = PBXFileReference; lastKnownFileType = sourcecode.c.objc; path = main.m; sourceTree = "<group>"; };
/* End PBXFileReference section */

/* Begin PBXFrameworksBuildPhase section */
		953F56DA23055D1A00710599 /* Frameworks */ = {
			isa = PBXFrameworksBuildPhase;
			buildActionMask = 2147483647;
			files = (
			);
			runOnlyForDeploymentPostprocessing = 0;
		};
/* End PBXFrameworksBuildPhase section */

/* Begin PBXGroup section */
		95345957231F4EC900767E14 /* YSCDefender */ = {
			isa = PBXGroup;
			children = (
				9534598B231F791B00767E14 /* NSObject+MethodSwizzling.h */,
				9534598A231F791B00767E14 /* NSObject+MethodSwizzling.m */,
				95345985231F791B00767E14 /* NSObject+SelectorDefender.h */,
				95345986231F791B00767E14 /* NSObject+SelectorDefender.m */,
				9534598C231F791B00767E14 /* NSObject+KVODefender.h */,
				95345988231F791B00767E14 /* NSObject+KVODefender.m */,
				95345989231F791B00767E14 /* NSObject+KVCDefender.h */,
				95345987231F791B00767E14 /* NSObject+KVCDefender.m */,
			);
			path = YSCDefender;
			sourceTree = "<group>";
		};
		95345958231F4EF000767E14 /* Examples */ = {
			isa = PBXGroup;
			children = (
				9534595B231F51FE00767E14 /* Unrecognized Selector */,
				9534595C231F521100767E14 /* KVO */,
				9534595D231F521500767E14 /* KVC */,
				9534595E231F521F00767E14 /* Notification */,
				9534595F231F523100767E14 /* Timer */,
				95345960231F523D00767E14 /* Containers */,
				95345961231F525100767E14 /* NSNull */,
				9534597A231F57F400767E14 /* Base */,
			);
			path = Examples;
			sourceTree = "<group>";
		};
		9534595B231F51FE00767E14 /* Unrecognized Selector */ = {
			isa = PBXGroup;
			children = (
				95345982231F619A00767E14 /* SelectorObject.h */,
				95345983231F619A00767E14 /* SelectorObject.m */,
				95345962231F52B700767E14 /* TestUnrecognizedSelVC.h */,
				95345963231F52B700767E14 /* TestUnrecognizedSelVC.m */,
			);
			path = "Unrecognized Selector";
			sourceTree = "<group>";
		};
		9534595C231F521100767E14 /* KVO */ = {
			isa = PBXGroup;
			children = (
				95345918230FBF6C00767E14 /* KVOCrashObject.h */,
				95345919230FBF6C00767E14 /* KVOCrashObject.m */,
				95345965231F52D000767E14 /* TestKVOCrashVC.h */,
				95345966231F52D000767E14 /* TestKVOCrashVC.m */,
			);
			path = KVO;
			sourceTree = "<group>";
		};
		9534595D231F521500767E14 /* KVC */ = {
			isa = PBXGroup;
			children = (
				9534592B231677CB00767E14 /* KVCCrashObject.h */,
				9534592C231677CB00767E14 /* KVCCrashObject.m */,
				95345968231F52E900767E14 /* TestKVCCrashVC.h */,
				95345969231F52E900767E14 /* TestKVCCrashVC.m */,
			);
			path = KVC;
			sourceTree = "<group>";
		};
		9534595E231F521F00767E14 /* Notification */ = {
			isa = PBXGroup;
			children = (
				9534594B231DF76900767E14 /* NotificationReceiver.h */,
				9534594C231DF76900767E14 /* NotificationReceiver.m */,
				9534596B231F530100767E14 /* TestNotificationCrashVC.h */,
				9534596C231F530100767E14 /* TestNotificationCrashVC.m */,
			);
			path = Notification;
			sourceTree = "<group>";
		};
		9534595F231F523100767E14 /* Timer */ = {
			isa = PBXGroup;
			children = (
				9534596E231F531E00767E14 /* TestTimerCrashVC.h */,
				9534596F231F531E00767E14 /* TestTimerCrashVC.m */,
			);
			path = Timer;
			sourceTree = "<group>";
		};
		95345960231F523D00767E14 /* Containers */ = {
			isa = PBXGroup;
			children = (
				95345971231F533200767E14 /* TestContainersVC.h */,
				95345972231F533200767E14 /* TestContainersVC.m */,
			);
			path = Containers;
			sourceTree = "<group>";
		};
		95345961231F525100767E14 /* NSNull */ = {
			isa = PBXGroup;
			children = (
				95345974231F534400767E14 /* TestNullVC.h */,
				95345975231F534400767E14 /* TestNullVC.m */,
			);
			path = NSNull;
			sourceTree = "<group>";
		};
		9534597A231F57F400767E14 /* Base */ = {
			isa = PBXGroup;
			children = (
				95345977231F57EE00767E14 /* BaseViewController.h */,
				95345978231F57EE00767E14 /* BaseViewController.m */,
				9534597E231F5C2700767E14 /* BaseDefine.h */,
			);
			path = Base;
			sourceTree = "<group>";
		};
		953F56D423055D1A00710599 = {
			isa = PBXGroup;
			children = (
				953F56DF23055D1A00710599 /* YSC-Avoid-Crash */,
				953F56DE23055D1A00710599 /* Products */,
			);
			sourceTree = "<group>";
		};
		953F56DE23055D1A00710599 /* Products */ = {
			isa = PBXGroup;
			children = (
				953F56DD23055D1A00710599 /* YSC-Avoid-Crash.app */,
			);
			name = Products;
			sourceTree = "<group>";
		};
		953F56DF23055D1A00710599 /* YSC-Avoid-Crash */ = {
			isa = PBXGroup;
			children = (
				95345958231F4EF000767E14 /* Examples */,
				95345957231F4EC900767E14 /* YSCDefender */,
				953F56E023055D1A00710599 /* AppDelegate.h */,
				953F56E123055D1A00710599 /* AppDelegate.m */,
				953F56E323055D1A00710599 /* ViewController.h */,
				953F56E423055D1A00710599 /* ViewController.m */,
				953F56E623055D1A00710599 /* Main.storyboard */,
				953F56E923055D1B00710599 /* Assets.xcassets */,
				953F56EB23055D1B00710599 /* LaunchScreen.storyboard */,
				953F56EE23055D1B00710599 /* Info.plist */,
				953F56EF23055D1B00710599 /* main.m */,
			);
			path = "YSC-Avoid-Crash";
			sourceTree = "<group>";
		};
/* End PBXGroup section */

/* Begin PBXNativeTarget section */
		953F56DC23055D1A00710599 /* YSC-Avoid-Crash */ = {
			isa = PBXNativeTarget;
			buildConfigurationList = 953F56F323055D1B00710599 /* Build configuration list for PBXNativeTarget "YSC-Avoid-Crash" */;
			buildPhases = (
				953F56D923055D1A00710599 /* Sources */,
				953F56DA23055D1A00710599 /* Frameworks */,
				953F56DB23055D1A00710599 /* Resources */,
			);
			buildRules = (
			);
			dependencies = (
			);
			name = "YSC-Avoid-Crash";
			productName = "YSC-Avoid-Crash";
			productReference = 953F56DD23055D1A00710599 /* YSC-Avoid-Crash.app */;
			productType = "com.apple.product-type.application";
		};
/* End PBXNativeTarget section */

/* Begin PBXProject section */
		953F56D523055D1A00710599 /* Project object */ = {
			isa = PBXProject;
			attributes = {
				LastUpgradeCheck = 1030;
				ORGANIZATIONNAME = bujige;
				TargetAttributes = {
					953F56DC23055D1A00710599 = {
						CreatedOnToolsVersion = 10.3;
					};
				};
			};
			buildConfigurationList = 953F56D823055D1A00710599 /* Build configuration list for PBXProject "YSC-Avoid-Crash" */;
			compatibilityVersion = "Xcode 9.3";
			developmentRegion = en;
			hasScannedForEncodings = 0;
			knownRegions = (
				en,
				Base,
			);
			mainGroup = 953F56D423055D1A00710599;
			productRefGroup = 953F56DE23055D1A00710599 /* Products */;
			projectDirPath = "";
			projectRoot = "";
			targets = (
				953F56DC23055D1A00710599 /* YSC-Avoid-Crash */,
			);
		};
/* End PBXProject section */

/* Begin PBXResourcesBuildPhase section */
		953F56DB23055D1A00710599 /* Resources */ = {
			isa = PBXResourcesBuildPhase;
			buildActionMask = 2147483647;
			files = (
				953F56ED23055D1B00710599 /* LaunchScreen.storyboard in Resources */,
				953F56EA23055D1B00710599 /* Assets.xcassets in Resources */,
				953F56E823055D1A00710599 /* Main.storyboard in Resources */,
			);
			runOnlyForDeploymentPostprocessing = 0;
		};
/* End PBXResourcesBuildPhase section */

/* Begin PBXSourcesBuildPhase section */
		953F56D923055D1A00710599 /* Sources */ = {
			isa = PBXSourcesBuildPhase;
			buildActionMask = 2147483647;
			files = (
				95345970231F531E00767E14 /* TestTimerCrashVC.m in Sources */,
				9534591A230FBF6C00767E14 /* KVOCrashObject.m in Sources */,
				953F56E523055D1A00710599 /* ViewController.m in Sources */,
				953F56F023055D1B00710599 /* main.m in Sources */,
				9534594D231DF76900767E14 /* NotificationReceiver.m in Sources */,
				95345984231F619A00767E14 /* SelectorObject.m in Sources */,
				953F56E223055D1A00710599 /* AppDelegate.m in Sources */,
				9534598D231F791B00767E14 /* NSObject+SelectorDefender.m in Sources */,
				9534598E231F791B00767E14 /* NSObject+KVCDefender.m in Sources */,
				9534592D231677CB00767E14 /* KVCCrashObject.m in Sources */,
				9534596D231F530100767E14 /* TestNotificationCrashVC.m in Sources */,
				95345967231F52D000767E14 /* TestKVOCrashVC.m in Sources */,
				9534596A231F52E900767E14 /* TestKVCCrashVC.m in Sources */,
				95345964231F52B700767E14 /* TestUnrecognizedSelVC.m in Sources */,
				95345990231F791B00767E14 /* NSObject+MethodSwizzling.m in Sources */,
				95345973231F533200767E14 /* TestContainersVC.m in Sources */,
				95345976231F534400767E14 /* TestNullVC.m in Sources */,
				95345979231F57EE00767E14 /* BaseViewController.m in Sources */,
				9534598F231F791B00767E14 /* NSObject+KVODefender.m in Sources */,
			);
			runOnlyForDeploymentPostprocessing = 0;
		};
/* End PBXSourcesBuildPhase section */

/* Begin PBXVariantGroup section */
		953F56E623055D1A00710599 /* Main.storyboard */ = {
			isa = PBXVariantGroup;
			children = (
				953F56E723055D1A00710599 /* Base */,
			);
			name = Main.storyboard;
			sourceTree = "<group>";
		};
		953F56EB23055D1B00710599 /* LaunchScreen.storyboard */ = {
			isa = PBXVariantGroup;
			children = (
				953F56EC23055D1B00710599 /* Base */,
			);
			name = LaunchScreen.storyboard;
			sourceTree = "<group>";
		};
/* End PBXVariantGroup section */

/* Begin XCBuildConfiguration section */
		953F56F123055D1B00710599 /* Debug */ = {
			isa = XCBuildConfiguration;
			buildSettings = {
				ALWAYS_SEARCH_USER_PATHS = NO;
				CLANG_ANALYZER_NONNULL = YES;
				CLANG_ANALYZER_NUMBER_OBJECT_CONVERSION = YES_AGGRESSIVE;
				CLANG_CXX_LANGUAGE_STANDARD = "gnu++14";
				CLANG_CXX_LIBRARY = "libc++";
				CLANG_ENABLE_MODULES = YES;
				CLANG_ENABLE_OBJC_ARC = YES;
				CLANG_ENABLE_OBJC_WEAK = YES;
				CLANG_WARN_BLOCK_CAPTURE_AUTORELEASING = YES;
				CLANG_WARN_BOOL_CONVERSION = YES;
				CLANG_WARN_COMMA = YES;
				CLANG_WARN_CONSTANT_CONVERSION = YES;
				CLANG_WARN_DEPRECATED_OBJC_IMPLEMENTATIONS = YES;
				CLANG_WARN_DIRECT_OBJC_ISA_USAGE = YES_ERROR;
				CLANG_WARN_DOCUMENTATION_COMMENTS = YES;
				CLANG_WARN_EMPTY_BODY = YES;
				CLANG_WARN_ENUM_CONVERSION = YES;
				CLANG_WARN_INFINITE_RECURSION = YES;
				CLANG_WARN_INT_CONVERSION = YES;
				CLANG_WARN_NON_LITERAL_NULL_CONVERSION = YES;
				CLANG_WARN_OBJC_IMPLICIT_RETAIN_SELF = YES;
				CLANG_WARN_OBJC_LITERAL_CONVERSION = YES;
				CLANG_WARN_OBJC_ROOT_CLASS = YES_ERROR;
				CLANG_WARN_RANGE_LOOP_ANALYSIS = YES;
				CLANG_WARN_STRICT_PROTOTYPES = YES;
				CLANG_WARN_SUSPICIOUS_MOVE = YES;
				CLANG_WARN_UNGUARDED_AVAILABILITY = YES_AGGRESSIVE;
				CLANG_WARN_UNREACHABLE_CODE = YES;
				CLANG_WARN__DUPLICATE_METHOD_MATCH = YES;
				CODE_SIGN_IDENTITY = "iPhone Developer";
				COPY_PHASE_STRIP = NO;
				DEBUG_INFORMATION_FORMAT = dwarf;
				ENABLE_STRICT_OBJC_MSGSEND = YES;
				ENABLE_TESTABILITY = YES;
				GCC_C_LANGUAGE_STANDARD = gnu11;
				GCC_DYNAMIC_NO_PIC = NO;
				GCC_NO_COMMON_BLOCKS = YES;
				GCC_OPTIMIZATION_LEVEL = 0;
				GCC_PREPROCESSOR_DEFINITIONS = (
					"DEBUG=1",
					"$(inherited)",
				);
				GCC_WARN_64_TO_32_BIT_CONVERSION = YES;
				GCC_WARN_ABOUT_RETURN_TYPE = YES_ERROR;
				GCC_WARN_UNDECLARED_SELECTOR = YES;
				GCC_WARN_UNINITIALIZED_AUTOS = YES_AGGRESSIVE;
				GCC_WARN_UNUSED_FUNCTION = YES;
				GCC_WARN_UNUSED_VARIABLE = YES;
				IPHONEOS_DEPLOYMENT_TARGET = 12.4;
				MTL_ENABLE_DEBUG_INFO = INCLUDE_SOURCE;
				MTL_FAST_MATH = YES;
				ONLY_ACTIVE_ARCH = YES;
				SDKROOT = iphoneos;
			};
			name = Debug;
		};
		953F56F223055D1B00710599 /* Release */ = {
			isa = XCBuildConfiguration;
			buildSettings = {
				ALWAYS_SEARCH_USER_PATHS = NO;
				CLANG_ANALYZER_NONNULL = YES;
				CLANG_ANALYZER_NUMBER_OBJECT_CONVERSION = YES_AGGRESSIVE;
				CLANG_CXX_LANGUAGE_STANDARD = "gnu++14";
				CLANG_CXX_LIBRARY = "libc++";
				CLANG_ENABLE_MODULES = YES;
				CLANG_ENABLE_OBJC_ARC = YES;
				CLANG_ENABLE_OBJC_WEAK = YES;
				CLANG_WARN_BLOCK_CAPTURE_AUTORELEASING = YES;
				CLANG_WARN_BOOL_CONVERSION = YES;
				CLANG_WARN_COMMA = YES;
				CLANG_WARN_CONSTANT_CONVERSION = YES;
				CLANG_WARN_DEPRECATED_OBJC_IMPLEMENTATIONS = YES;
				CLANG_WARN_DIRECT_OBJC_ISA_USAGE = YES_ERROR;
				CLANG_WARN_DOCUMENTATION_COMMENTS = YES;
				CLANG_WARN_EMPTY_BODY = YES;
				CLANG_WARN_ENUM_CONVERSION = YES;
				CLANG_WARN_INFINITE_RECURSION = YES;
				CLANG_WARN_INT_CONVERSION = YES;
				CLANG_WARN_NON_LITERAL_NULL_CONVERSION = YES;
				CLANG_WARN_OBJC_IMPLICIT_RETAIN_SELF = YES;
				CLANG_WARN_OBJC_LITERAL_CONVERSION = YES;
				CLANG_WARN_OBJC_ROOT_CLASS = YES_ERROR;
				CLANG_WARN_RANGE_LOOP_ANALYSIS = YES;
				CLANG_WARN_STRICT_PROTOTYPES = YES;
				CLANG_WARN_SUSPICIOUS_MOVE = YES;
				CLANG_WARN_UNGUARDED_AVAILABILITY = YES_AGGRESSIVE;
				CLANG_WARN_UNREACHABLE_CODE = YES;
				CLANG_WARN__DUPLICATE_METHOD_MATCH = YES;
				CODE_SIGN_IDENTITY = "iPhone Developer";
				COPY_PHASE_STRIP = NO;
				DEBUG_INFORMATION_FORMAT = "dwarf-with-dsym";
				ENABLE_NS_ASSERTIONS = NO;
				ENABLE_STRICT_OBJC_MSGSEND = YES;
				GCC_C_LANGUAGE_STANDARD = gnu11;
				GCC_NO_COMMON_BLOCKS = YES;
				GCC_WARN_64_TO_32_BIT_CONVERSION = YES;
				GCC_WARN_ABOUT_RETURN_TYPE = YES_ERROR;
				GCC_WARN_UNDECLARED_SELECTOR = YES;
				GCC_WARN_UNINITIALIZED_AUTOS = YES_AGGRESSIVE;
				GCC_WARN_UNUSED_FUNCTION = YES;
				GCC_WARN_UNUSED_VARIABLE = YES;
				IPHONEOS_DEPLOYMENT_TARGET = 12.4;
				MTL_ENABLE_DEBUG_INFO = NO;
				MTL_FAST_MATH = YES;
				SDKROOT = iphoneos;
				VALIDATE_PRODUCT = YES;
			};
			name = Release;
		};
		953F56F423055D1B00710599 /* Debug */ = {
			isa = XCBuildConfiguration;
			buildSettings = {
				ASSETCATALOG_COMPILER_APPICON_NAME = AppIcon;
				CODE_SIGN_STYLE = Automatic;
				DEVELOPMENT_TEAM = "";
				INFOPLIST_FILE = "YSC-Avoid-Crash/Info.plist";
				IPHONEOS_DEPLOYMENT_TARGET = 8.4;
				LD_RUNPATH_SEARCH_PATHS = (
					"$(inherited)",
					"@executable_path/Frameworks",
				);
				PRODUCT_BUNDLE_IDENTIFIER = "net.bujige.YSC-Avoid-Crash";
				PRODUCT_NAME = "$(TARGET_NAME)";
				TARGETED_DEVICE_FAMILY = "1,2";
			};
			name = Debug;
		};
		953F56F523055D1B00710599 /* Release */ = {
			isa = XCBuildConfiguration;
			buildSettings = {
				ASSETCATALOG_COMPILER_APPICON_NAME = AppIcon;
				CODE_SIGN_STYLE = Automatic;
				DEVELOPMENT_TEAM = "";
				INFOPLIST_FILE = "YSC-Avoid-Crash/Info.plist";
				IPHONEOS_DEPLOYMENT_TARGET = 8.4;
				LD_RUNPATH_SEARCH_PATHS = (
					"$(inherited)",
					"@executable_path/Frameworks",
				);
				PRODUCT_BUNDLE_IDENTIFIER = "net.bujige.YSC-Avoid-Crash";
				PRODUCT_NAME = "$(TARGET_NAME)";
				TARGETED_DEVICE_FAMILY = "1,2";
			};
			name = Release;
		};
/* End XCBuildConfiguration section */

/* Begin XCConfigurationList section */
		953F56D823055D1A00710599 /* Build configuration list for PBXProject "YSC-Avoid-Crash" */ = {
			isa = XCConfigurationList;
			buildConfigurations = (
				953F56F123055D1B00710599 /* Debug */,
				953F56F223055D1B00710599 /* Release */,
			);
			defaultConfigurationIsVisible = 0;
			defaultConfigurationName = Release;
		};
		953F56F323055D1B00710599 /* Build configuration list for PBXNativeTarget "YSC-Avoid-Crash" */ = {
			isa = XCConfigurationList;
			buildConfigurations = (
				953F56F423055D1B00710599 /* Debug */,
				953F56F523055D1B00710599 /* Release */,
			);
			defaultConfigurationIsVisible = 0;
			defaultConfigurationName = Release;
		};
/* End XCConfigurationList section */
	};
	rootObject = 953F56D523055D1A00710599 /* Project object */;
}
